// !$*UTF8*$!
{
	archiveVersion = 1;
	classes = {
	};
	objectVersion = 77;
	objects = {

/* Begin PBXContainerItemProxy section */
		1A1FFD8D2CE8C00F0088C264 /* PBXContainerItemProxy */ = {
			isa = PBXContainerItemProxy;
			containerPortal = 1A1FFD732CE8C00D0088C264 /* Project object */;
			proxyType = 1;
			remoteGlobalIDString = 1A1FFD7A2CE8C00D0088C264;
			remoteInfo = "Mandelbrot-Metal";
		};
		1A1FFD972CE8C00F0088C264 /* PBXContainerItemProxy */ = {
			isa = PBXContainerItemProxy;
			containerPortal = 1A1FFD732CE8C00D0088C264 /* Project object */;
			proxyType = 1;
			remoteGlobalIDString = 1A1FFD7A2CE8C00D0088C264;
			remoteInfo = "Mandelbrot-Metal";
		};
/* End PBXContainerItemProxy section */

/* Begin PBXFileReference section */
		1A1FFD7B2CE8C00D0088C264 /* Mandelbrot-Metal.app */ = {isa = PBXFileReference; explicitFileType = wrapper.application; includeInIndex = 0; path = "Mandelbrot-Metal.app"; sourceTree = BUILT_PRODUCTS_DIR; };
		1A1FFD8C2CE8C00F0088C264 /* Mandelbrot-MetalTests.xctest */ = {isa = PBXFileReference; explicitFileType = wrapper.cfbundle; includeInIndex = 0; path = "Mandelbrot-MetalTests.xctest"; sourceTree = BUILT_PRODUCTS_DIR; };
		1A1FFD962CE8C00F0088C264 /* Mandelbrot-MetalUITests.xctest */ = {isa = PBXFileReference; explicitFileType = wrapper.cfbundle; includeInIndex = 0; path = "Mandelbrot-MetalUITests.xctest"; sourceTree = BUILT_PRODUCTS_DIR; };
/* End PBXFileReference section */

/* Begin PBXFileSystemSynchronizedRootGroup section */
		1A1FFD7D2CE8C00D0088C264 /* Mandelbrot-Metal */ = {
			isa = PBXFileSystemSynchronizedRootGroup;
			path = "Mandelbrot-Metal";
			sourceTree = "<group>";
		};
		1A1FFD8F2CE8C00F0088C264 /* Mandelbrot-MetalTests */ = {
			isa = PBXFileSystemSynchronizedRootGroup;
			path = "Mandelbrot-MetalTests";
			sourceTree = "<group>";
		};
		1A1FFD992CE8C00F0088C264 /* Mandelbrot-MetalUITests */ = {
			isa = PBXFileSystemSynchronizedRootGroup;
			path = "Mandelbrot-MetalUITests";
			sourceTree = "<group>";
		};
/* End PBXFileSystemSynchronizedRootGroup section */

/* Begin PBXFrameworksBuildPhase section */
		1A1FFD782CE8C00D0088C264 /* Frameworks */ = {
			isa = PBXFrameworksBuildPhase;
			buildActionMask = 2147483647;
			files = (
			);
			runOnlyForDeploymentPostprocessing = 0;
		};
		1A1FFD892CE8C00F0088C264 /* Frameworks */ = {
			isa = PBXFrameworksBuildPhase;
			buildActionMask = 2147483647;
			files = (
			);
			runOnlyForDeploymentPostprocessing = 0;
		};
		1A1FFD932CE8C00F0088C264 /* Frameworks */ = {
			isa = PBXFrameworksBuildPhase;
			buildActionMask = 2147483647;
			files = (
			);
			runOnlyForDeploymentPostprocessing = 0;
		};
/* End PBXFrameworksBuildPhase section */

/* Begin PBXGroup section */
		1A1FFD722CE8C00D0088C264 = {
			isa = PBXGroup;
			children = (
				1A1FFD7D2CE8C00D0088C264 /* Mandelbrot-Metal */,
				1A1FFD8F2CE8C00F0088C264 /* Mandelbrot-MetalTests */,
				1A1FFD992CE8C00F0088C264 /* Mandelbrot-MetalUITests */,
				1A1FFD7C2CE8C00D0088C264 /* Products */,
			);
			sourceTree = "<group>";
		};
		1A1FFD7C2CE8C00D0088C264 /* Products */ = {
			isa = PBXGroup;
			children = (
				1A1FFD7B2CE8C00D0088C264 /* Mandelbrot-Metal.app */,
				1A1FFD8C2CE8C00F0088C264 /* Mandelbrot-MetalTests.xctest */,
				1A1FFD962CE8C00F0088C264 /* Mandelbrot-MetalUITests.xctest */,
			);
			name = Products;
			sourceTree = "<group>";
		};
/* End PBXGroup section */

/* Begin PBXNativeTarget section */
		1A1FFD7A2CE8C00D0088C264 /* Mandelbrot-Metal */ = {
			isa = PBXNativeTarget;
			buildConfigurationList = 1A1FFDA02CE8C00F0088C264 /* Build configuration list for PBXNativeTarget "Mandelbrot-Metal" */;
			buildPhases = (
				1A1FFD772CE8C00D0088C264 /* Sources */,
				1A1FFD782CE8C00D0088C264 /* Frameworks */,
				1A1FFD792CE8C00D0088C264 /* Resources */,
			);
			buildRules = (
			);
			dependencies = (
			);
			fileSystemSynchronizedGroups = (
				1A1FFD7D2CE8C00D0088C264 /* Mandelbrot-Metal */,
			);
			name = "Mandelbrot-Metal";
			packageProductDependencies = (
			);
			productName = "Mandelbrot-Metal";
			productReference = 1A1FFD7B2CE8C00D0088C264 /* Mandelbrot-Metal.app */;
			productType = "com.apple.product-type.application";
		};
		1A1FFD8B2CE8C00F0088C264 /* Mandelbrot-MetalTests */ = {
			isa = PBXNativeTarget;
			buildConfigurationList = 1A1FFDA32CE8C00F0088C264 /* Build configuration list for PBXNativeTarget "Mandelbrot-MetalTests" */;
			buildPhases = (
				1A1FFD882CE8C00F0088C264 /* Sources */,
				1A1FFD892CE8C00F0088C264 /* Frameworks */,
				1A1FFD8A2CE8C00F0088C264 /* Resources */,
			);
			buildRules = (
			);
			dependencies = (
				1A1FFD8E2CE8C00F0088C264 /* PBXTargetDependency */,
			);
			fileSystemSynchronizedGroups = (
				1A1FFD8F2CE8C00F0088C264 /* Mandelbrot-MetalTests */,
			);
			name = "Mandelbrot-MetalTests";
			packageProductDependencies = (
			);
			productName = "Mandelbrot-MetalTests";
			productReference = 1A1FFD8C2CE8C00F0088C264 /* Mandelbrot-MetalTests.xctest */;
			productType = "com.apple.product-type.bundle.unit-test";
		};
		1A1FFD952CE8C00F0088C264 /* Mandelbrot-MetalUITests */ = {
			isa = PBXNativeTarget;
			buildConfigurationList = 1A1FFDA62CE8C00F0088C264 /* Build configuration list for PBXNativeTarget "Mandelbrot-MetalUITests" */;
			buildPhases = (
				1A1FFD922CE8C00F0088C264 /* Sources */,
				1A1FFD932CE8C00F0088C264 /* Frameworks */,
				1A1FFD942CE8C00F0088C264 /* Resources */,
			);
			buildRules = (
			);
			dependencies = (
				1A1FFD982CE8C00F0088C264 /* PBXTargetDependency */,
			);
			fileSystemSynchronizedGroups = (
				1A1FFD992CE8C00F0088C264 /* Mandelbrot-MetalUITests */,
			);
			name = "Mandelbrot-MetalUITests";
			packageProductDependencies = (
			);
			productName = "Mandelbrot-MetalUITests";
			productReference = 1A1FFD962CE8C00F0088C264 /* Mandelbrot-MetalUITests.xctest */;
			productType = "com.apple.product-type.bundle.ui-testing";
		};
/* End PBXNativeTarget section */

/* Begin PBXProject section */
		1A1FFD732CE8C00D0088C264 /* Project object */ = {
			isa = PBXProject;
			attributes = {
				BuildIndependentTargetsInParallel = 1;
				LastSwiftUpdateCheck = 1610;
				LastUpgradeCheck = 1610;
				TargetAttributes = {
					1A1FFD7A2CE8C00D0088C264 = {
						CreatedOnToolsVersion = 16.1;
					};
					1A1FFD8B2CE8C00F0088C264 = {
						CreatedOnToolsVersion = 16.1;
						TestTargetID = 1A1FFD7A2CE8C00D0088C264;
					};
					1A1FFD952CE8C00F0088C264 = {
						CreatedOnToolsVersion = 16.1;
						TestTargetID = 1A1FFD7A2CE8C00D0088C264;
					};
				};
			};
			buildConfigurationList = 1A1FFD762CE8C00D0088C264 /* Build configuration list for PBXProject "Mandelbrot-Metal" */;
			developmentRegion = en;
			hasScannedForEncodings = 0;
			knownRegions = (
				en,
				Base,
			);
			mainGroup = 1A1FFD722CE8C00D0088C264;
			minimizedProjectReferenceProxies = 1;
			preferredProjectObjectVersion = 77;
			productRefGroup = 1A1FFD7C2CE8C00D0088C264 /* Products */;
			projectDirPath = "";
			projectRoot = "";
			targets = (
				1A1FFD7A2CE8C00D0088C264 /* Mandelbrot-Metal */,
				1A1FFD8B2CE8C00F0088C264 /* Mandelbrot-MetalTests */,
				1A1FFD952CE8C00F0088C264 /* Mandelbrot-MetalUITests */,
			);
		};
/* End PBXProject section */

/* Begin PBXResourcesBuildPhase section */
		1A1FFD792CE8C00D0088C264 /* Resources */ = {
			isa = PBXResourcesBuildPhase;
			buildActionMask = 2147483647;
			files = (
			);
			runOnlyForDeploymentPostprocessing = 0;
		};
		1A1FFD8A2CE8C00F0088C264 /* Resources */ = {
			isa = PBXResourcesBuildPhase;
			buildActionMask = 2147483647;
			files = (
			);
			runOnlyForDeploymentPostprocessing = 0;
		};
		1A1FFD942CE8C00F0088C264 /* Resources */ = {
			isa = PBXResourcesBuildPhase;
			buildActionMask = 2147483647;
			files = (
			);
			runOnlyForDeploymentPostprocessing = 0;
		};
/* End PBXResourcesBuildPhase section */

/* Begin PBXSourcesBuildPhase section */
		1A1FFD772CE8C00D0088C264 /* Sources */ = {
			isa = PBXSourcesBuildPhase;
			buildActionMask = 2147483647;
			files = (
			);
			runOnlyForDeploymentPostprocessing = 0;
		};
		1A1FFD882CE8C00F0088C264 /* Sources */ = {
			isa = PBXSourcesBuildPhase;
			buildActionMask = 2147483647;
			files = (
			);
			runOnlyForDeploymentPostprocessing = 0;
		};
		1A1FFD922CE8C00F0088C264 /* Sources */ = {
			isa = PBXSourcesBuildPhase;
			buildActionMask = 2147483647;
			files = (
			);
			runOnlyForDeploymentPostprocessing = 0;
		};
/* End PBXSourcesBuildPhase section */

/* Begin PBXTargetDependency section */
		1A1FFD8E2CE8C00F0088C264 /* PBXTargetDependency */ = {
			isa = PBXTargetDependency;
			target = 1A1FFD7A2CE8C00D0088C264 /* Mandelbrot-Metal */;
			targetProxy = 1A1FFD8D2CE8C00F0088C264 /* PBXContainerItemProxy */;
		};
		1A1FFD982CE8C00F0088C264 /* PBXTargetDependency */ = {
			isa = PBXTargetDependency;
			target = 1A1FFD7A2CE8C00D0088C264 /* Mandelbrot-Metal */;
			targetProxy = 1A1FFD972CE8C00F0088C264 /* PBXContainerItemProxy */;
		};
/* End PBXTargetDependency section */

/* Begin XCBuildConfiguration section */
		1A1FFD9E2CE8C00F0088C264 /* Debug */ = {
			isa = XCBuildConfiguration;
			buildSettings = {
				ALWAYS_SEARCH_USER_PATHS = NO;
				ASSETCATALOG_COMPILER_GENERATE_SWIFT_ASSET_SYMBOL_EXTENSIONS = YES;
				CLANG_ANALYZER_NONNULL = YES;
				CLANG_ANALYZER_NUMBER_OBJECT_CONVERSION = YES_AGGRESSIVE;
				CLANG_CXX_LANGUAGE_STANDARD = "gnu++20";
				CLANG_ENABLE_MODULES = YES;
				CLANG_ENABLE_OBJC_ARC = YES;
				CLANG_ENABLE_OBJC_WEAK = YES;
				CLANG_WARN_BLOCK_CAPTURE_AUTORELEASING = YES;
				CLANG_WARN_BOOL_CONVERSION = YES;
				CLANG_WARN_COMMA = YES;
				CLANG_WARN_CONSTANT_CONVERSION = YES;
				CLANG_WARN_DEPRECATED_OBJC_IMPLEMENTATIONS = YES;
				CLANG_WARN_DIRECT_OBJC_ISA_USAGE = YES_ERROR;
				CLANG_WARN_DOCUMENTATION_COMMENTS = YES;
				CLANG_WARN_EMPTY_BODY = YES;
				CLANG_WARN_ENUM_CONVERSION = YES;
				CLANG_WARN_INFINITE_RECURSION = YES;
				CLANG_WARN_INT_CONVERSION = YES;
				CLANG_WARN_NON_LITERAL_NULL_CONVERSION = YES;
				CLANG_WARN_OBJC_IMPLICIT_RETAIN_SELF = YES;
				CLANG_WARN_OBJC_LITERAL_CONVERSION = YES;
				CLANG_WARN_OBJC_ROOT_CLASS = YES_ERROR;
				CLANG_WARN_QUOTED_INCLUDE_IN_FRAMEWORK_HEADER = YES;
				CLANG_WARN_RANGE_LOOP_ANALYSIS = YES;
				CLANG_WARN_STRICT_PROTOTYPES = YES;
				CLANG_WARN_SUSPICIOUS_MOVE = YES;
				CLANG_WARN_UNGUARDED_AVAILABILITY = YES_AGGRESSIVE;
				CLANG_WARN_UNREACHABLE_CODE = YES;
				CLANG_WARN__DUPLICATE_METHOD_MATCH = YES;
				COPY_PHASE_STRIP = NO;
				DEBUG_INFORMATION_FORMAT = dwarf;
				ENABLE_STRICT_OBJC_MSGSEND = YES;
				ENABLE_TESTABILITY = YES;
				ENABLE_USER_SCRIPT_SANDBOXING = YES;
				GCC_C_LANGUAGE_STANDARD = gnu17;
				GCC_DYNAMIC_NO_PIC = NO;
				GCC_NO_COMMON_BLOCKS = YES;
				GCC_OPTIMIZATION_LEVEL = 0;
				GCC_PREPROCESSOR_DEFINITIONS = (
					"DEBUG=1",
					"$(inherited)",
				);
				GCC_WARN_64_TO_32_BIT_CONVERSION = YES;
				GCC_WARN_ABOUT_RETURN_TYPE = YES_ERROR;
				GCC_WARN_UNDECLARED_SELECTOR = YES;
				GCC_WARN_UNINITIALIZED_AUTOS = YES_AGGRESSIVE;
				GCC_WARN_UNUSED_FUNCTION = YES;
				GCC_WARN_UNUSED_VARIABLE = YES;
				LOCALIZATION_PREFERS_STRING_CATALOGS = YES;
				MACOSX_DEPLOYMENT_TARGET = 14.7;
				MTL_ENABLE_DEBUG_INFO = INCLUDE_SOURCE;
				MTL_FAST_MATH = YES;
				ONLY_ACTIVE_ARCH = YES;
				SDKROOT = macosx;
				SWIFT_ACTIVE_COMPILATION_CONDITIONS = "DEBUG $(inherited)";
				SWIFT_OPTIMIZATION_LEVEL = "-Onone";
			};
			name = Debug;
		};
		1A1FFD9F2CE8C00F0088C264 /* Release */ = {
			isa = XCBuildConfiguration;
			buildSettings = {
				ALWAYS_SEARCH_USER_PATHS = NO;
				ASSETCATALOG_COMPILER_GENERATE_SWIFT_ASSET_SYMBOL_EXTENSIONS = YES;
				CLANG_ANALYZER_NONNULL = YES;
				CLANG_ANALYZER_NUMBER_OBJECT_CONVERSION = YES_AGGRESSIVE;
				CLANG_CXX_LANGUAGE_STANDARD = "gnu++20";
				CLANG_ENABLE_MODULES = YES;
				CLANG_ENABLE_OBJC_ARC = YES;
				CLANG_ENABLE_OBJC_WEAK = YES;
				CLANG_WARN_BLOCK_CAPTURE_AUTORELEASING = YES;
				CLANG_WARN_BOOL_CONVERSION = YES;
				CLANG_WARN_COMMA = YES;
				CLANG_WARN_CONSTANT_CONVERSION = YES;
				CLANG_WARN_DEPRECATED_OBJC_IMPLEMENTATIONS = YES;
				CLANG_WARN_DIRECT_OBJC_ISA_USAGE = YES_ERROR;
				CLANG_WARN_DOCUMENTATION_COMMENTS = YES;
				CLANG_WARN_EMPTY_BODY = YES;
				CLANG_WARN_ENUM_CONVERSION = YES;
				CLANG_WARN_INFINITE_RECURSION = YES;
				CLANG_WARN_INT_CONVERSION = YES;
				CLANG_WARN_NON_LITERAL_NULL_CONVERSION = YES;
				CLANG_WARN_OBJC_IMPLICIT_RETAIN_SELF = YES;
				CLANG_WARN_OBJC_LITERAL_CONVERSION = YES;
				CLANG_WARN_OBJC_ROOT_CLASS = YES_ERROR;
				CLANG_WARN_QUOTED_INCLUDE_IN_FRAMEWORK_HEADER = YES;
				CLANG_WARN_RANGE_LOOP_ANALYSIS = YES;
				CLANG_WARN_STRICT_PROTOTYPES = YES;
				CLANG_WARN_SUSPICIOUS_MOVE = YES;
				CLANG_WARN_UNGUARDED_AVAILABILITY = YES_AGGRESSIVE;
				CLANG_WARN_UNREACHABLE_CODE = YES;
				CLANG_WARN__DUPLICATE_METHOD_MATCH = YES;
				COPY_PHASE_STRIP = NO;
				DEBUG_INFORMATION_FORMAT = "dwarf-with-dsym";
				ENABLE_NS_ASSERTIONS = NO;
				ENABLE_STRICT_OBJC_MSGSEND = YES;
				ENABLE_USER_SCRIPT_SANDBOXING = YES;
				GCC_C_LANGUAGE_STANDARD = gnu17;
				GCC_NO_COMMON_BLOCKS = YES;
				GCC_WARN_64_TO_32_BIT_CONVERSION = YES;
				GCC_WARN_ABOUT_RETURN_TYPE = YES_ERROR;
				GCC_WARN_UNDECLARED_SELECTOR = YES;
				GCC_WARN_UNINITIALIZED_AUTOS = YES_AGGRESSIVE;
				GCC_WARN_UNUSED_FUNCTION = YES;
				GCC_WARN_UNUSED_VARIABLE = YES;
				LOCALIZATION_PREFERS_STRING_CATALOGS = YES;
				MACOSX_DEPLOYMENT_TARGET = 14.7;
				MTL_ENABLE_DEBUG_INFO = NO;
				MTL_FAST_MATH = YES;
				SDKROOT = macosx;
				SWIFT_COMPILATION_MODE = wholemodule;
			};
			name = Release;
		};
		1A1FFDA12CE8C00F0088C264 /* Debug */ = {
			isa = XCBuildConfiguration;
			buildSettings = {
				ASSETCATALOG_COMPILER_APPICON_NAME = AppIcon;
				ASSETCATALOG_COMPILER_GLOBAL_ACCENT_COLOR_NAME = AccentColor;
				CODE_SIGN_ENTITLEMENTS = "Mandelbrot-Metal/Mandelbrot_Metal.entitlements";
				CODE_SIGN_STYLE = Automatic;
				COMBINE_HIDPI_IMAGES = YES;
				CURRENT_PROJECT_VERSION = 1;
				DEVELOPMENT_ASSET_PATHS = "\"Mandelbrot-Metal/Preview Content\"";
				DEVELOPMENT_TEAM = Y973DZNLG8;
				ENABLE_HARDENED_RUNTIME = YES;
				ENABLE_PREVIEWS = YES;
				GENERATE_INFOPLIST_FILE = YES;
				INFOPLIST_KEY_NSHumanReadableCopyright = "";
				LD_RUNPATH_SEARCH_PATHS = (
					"$(inherited)",
					"@executable_path/../Frameworks",
				);
				MARKETING_VERSION = 1.0;
				PRODUCT_BUNDLE_IDENTIFIER = "com.jamesrdevries.Mandelbrot-Metal";
				PRODUCT_NAME = "$(TARGET_NAME)";
				SWIFT_EMIT_LOC_STRINGS = YES;
				SWIFT_OBJC_BRIDGING_HEADER = "Mandelbrot-Metal/definitions.h";
				SWIFT_VERSION = 5.0;
			};
			name = Debug;
		};
		1A1FFDA22CE8C00F0088C264 /* Release */ = {
			isa = XCBuildConfiguration;
			buildSettings = {
				ASSETCATALOG_COMPILER_APPICON_NAME = AppIcon;
				ASSETCATALOG_COMPILER_GLOBAL_ACCENT_COLOR_NAME = AccentColor;
				CODE_SIGN_ENTITLEMENTS = "Mandelbrot-Metal/Mandelbrot_Metal.entitlements";
				CODE_SIGN_STYLE = Automatic;
				COMBINE_HIDPI_IMAGES = YES;
				CURRENT_PROJECT_VERSION = 1;
				DEVELOPMENT_ASSET_PATHS = "\"Mandelbrot-Metal/Preview Content\"";
				DEVELOPMENT_TEAM = Y973DZNLG8;
				ENABLE_HARDENED_RUNTIME = YES;
				ENABLE_PREVIEWS = YES;
				GENERATE_INFOPLIST_FILE = YES;
				INFOPLIST_KEY_NSHumanReadableCopyright = "";
				LD_RUNPATH_SEARCH_PATHS = (
					"$(inherited)",
					"@executable_path/../Frameworks",
				);
				MARKETING_VERSION = 1.0;
				PRODUCT_BUNDLE_IDENTIFIER = "com.jamesrdevries.Mandelbrot-Metal";
				PRODUCT_NAME = "$(TARGET_NAME)";
				SWIFT_EMIT_LOC_STRINGS = YES;
				SWIFT_OBJC_BRIDGING_HEADER = "Mandelbrot-Metal/definitions.h";
				SWIFT_VERSION = 5.0;
			};
			name = Release;
		};
		1A1FFDA42CE8C00F0088C264 /* Debug */ = {
			isa = XCBuildConfiguration;
			buildSettings = {
				BUNDLE_LOADER = "$(TEST_HOST)";
				CODE_SIGN_STYLE = Automatic;
				CURRENT_PROJECT_VERSION = 1;
				DEVELOPMENT_TEAM = Y973DZNLG8;
				GENERATE_INFOPLIST_FILE = YES;
				MACOSX_DEPLOYMENT_TARGET = 14.7;
				MARKETING_VERSION = 1.0;
				PRODUCT_BUNDLE_IDENTIFIER = "com.jamesrdevries.Mandelbrot-MetalTests";
				PRODUCT_NAME = "$(TARGET_NAME)";
				SWIFT_EMIT_LOC_STRINGS = NO;
				SWIFT_VERSION = 5.0;
				TEST_HOST = "$(BUILT_PRODUCTS_DIR)/Mandelbrot-Metal.app/$(BUNDLE_EXECUTABLE_FOLDER_PATH)/Mandelbrot-Metal";
			};
			name = Debug;
		};
		1A1FFDA52CE8C00F0088C264 /* Release */ = {
			isa = XCBuildConfiguration;
			buildSettings = {
				BUNDLE_LOADER = "$(TEST_HOST)";
				CODE_SIGN_STYLE = Automatic;
				CURRENT_PROJECT_VERSION = 1;
				DEVELOPMENT_TEAM = Y973DZNLG8;
				GENERATE_INFOPLIST_FILE = YES;
				MACOSX_DEPLOYMENT_TARGET = 14.7;
				MARKETING_VERSION = 1.0;
				PRODUCT_BUNDLE_IDENTIFIER = "com.jamesrdevries.Mandelbrot-MetalTests";
				PRODUCT_NAME = "$(TARGET_NAME)";
				SWIFT_EMIT_LOC_STRINGS = NO;
				SWIFT_VERSION = 5.0;
				TEST_HOST = "$(BUILT_PRODUCTS_DIR)/Mandelbrot-Metal.app/$(BUNDLE_EXECUTABLE_FOLDER_PATH)/Mandelbrot-Metal";
			};
			name = Release;
		};
		1A1FFDA72CE8C00F0088C264 /* Debug */ = {
			isa = XCBuildConfiguration;
			buildSettings = {
				CODE_SIGN_STYLE = Automatic;
				CURRENT_PROJECT_VERSION = 1;
				DEVELOPMENT_TEAM = Y973DZNLG8;
				GENERATE_INFOPLIST_FILE = YES;
				MARKETING_VERSION = 1.0;
				PRODUCT_BUNDLE_IDENTIFIER = "com.jamesrdevries.Mandelbrot-MetalUITests";
				PRODUCT_NAME = "$(TARGET_NAME)";
				SWIFT_EMIT_LOC_STRINGS = NO;
				SWIFT_VERSION = 5.0;
				TEST_TARGET_NAME = "Mandelbrot-Metal";
			};
			name = Debug;
		};
		1A1FFDA82CE8C00F0088C264 /* Release */ = {
			isa = XCBuildConfiguration;
			buildSettings = {
				CODE_SIGN_STYLE = Automatic;
				CURRENT_PROJECT_VERSION = 1;
				DEVELOPMENT_TEAM = Y973DZNLG8;
				GENERATE_INFOPLIST_FILE = YES;
				MARKETING_VERSION = 1.0;
				PRODUCT_BUNDLE_IDENTIFIER = "com.jamesrdevries.Mandelbrot-MetalUITests";
				PRODUCT_NAME = "$(TARGET_NAME)";
				SWIFT_EMIT_LOC_STRINGS = NO;
				SWIFT_VERSION = 5.0;
				TEST_TARGET_NAME = "Mandelbrot-Metal";
			};
			name = Release;
		};
/* End XCBuildConfiguration section */

/* Begin XCConfigurationList section */
		1A1FFD762CE8C00D0088C264 /* Build configuration list for PBXProject "Mandelbrot-Metal" */ = {
			isa = XCConfigurationList;
			buildConfigurations = (
				1A1FFD9E2CE8C00F0088C264 /* Debug */,
				1A1FFD9F2CE8C00F0088C264 /* Release */,
			);
			defaultConfigurationIsVisible = 0;
			defaultConfigurationName = Release;
		};
		1A1FFDA02CE8C00F0088C264 /* Build configuration list for PBXNativeTarget "Mandelbrot-Metal" */ = {
			isa = XCConfigurationList;
			buildConfigurations = (
				1A1FFDA12CE8C00F0088C264 /* Debug */,
				1A1FFDA22CE8C00F0088C264 /* Release */,
			);
			defaultConfigurationIsVisible = 0;
			defaultConfigurationName = Release;
		};
		1A1FFDA32CE8C00F0088C264 /* Build configuration list for PBXNativeTarget "Mandelbrot-MetalTests" */ = {
			isa = XCConfigurationList;
			buildConfigurations = (
				1A1FFDA42CE8C00F0088C264 /* Debug */,
				1A1FFDA52CE8C00F0088C264 /* Release */,
			);
			defaultConfigurationIsVisible = 0;
			defaultConfigurationName = Release;
		};
		1A1FFDA62CE8C00F0088C264 /* Build configuration list for PBXNativeTarget "Mandelbrot-MetalUITests" */ = {
			isa = XCConfigurationList;
			buildConfigurations = (
				1A1FFDA72CE8C00F0088C264 /* Debug */,
				1A1FFDA82CE8C00F0088C264 /* Release */,
			);
			defaultConfigurationIsVisible = 0;
			defaultConfigurationName = Release;
		};
/* End XCConfigurationList section */
	};
	rootObject = 1A1FFD732CE8C00D0088C264 /* Project object */;
}
